
Microsoft Visual Studio Solution File, Format Version 12.00
# Visual Studio Version 16
VisualStudioVersion = 16.0.30413.136
MinimumVisualStudioVersion = 10.0.40219.1
Project("{FAE04EC0-301F-11D3-BF4B-00C04F79EFBC}") = "WebApiMvcJquery", "WebApiMvcJquery\WebApiMvcJquery.csproj", "{78265177-303B-4E17-BCAA-A576B1A15FB7}"
EndProject
Global
	GlobalSection(SolutionConfigurationPlatforms) = preSolution
		Debug|Any CPU = Debug|Any CPU
		Release|Any CPU = Release|Any CPU
	EndGlobalSection
	GlobalSection(ProjectConfigurationPlatforms) = postSolution
		{78265177-303B-4E17-BCAA-A576B1A15FB7}.Debug|Any CPU.ActiveCfg = Debug|Any CPU
		{78265177-303B-4E17-BCAA-A576B1A15FB7}.Debug|Any CPU.Build.0 = Debug|Any CPU
		{78265177-303B-4E17-BCAA-A576B1A15FB7}.Release|Any CPU.ActiveCfg = Release|Any CPU
		{78265177-303B-4E17-BCAA-A576B1A15FB7}.Release|Any CPU.Build.0 = Release|Any CPU
	EndGlobalSection
	GlobalSection(SolutionProperties) = preSolution
		HideSolutionNode = FALSE
	EndGlobalSection
	GlobalSection(ExtensibilityGlobals) = postSolution
		SolutionGuid = {F064337F-73F5-4A54-B5DB-F16EEFD169FD}
	EndGlobalSection
EndGlobal
